// !$*UTF8*$!
{
	archiveVersion = 1;
	classes = {
	};
	objectVersion = 56;
	objects = {

/* Begin PBXBuildFile section */
		19EB938467EB9E0AFC9BB086 /* Pods_NASA_Client.framework in Frameworks */ = {isa = PBXBuildFile; fileRef = B06E05F58C93054BA129723D /* Pods_NASA_Client.framework */; };
		EA1595712BC5396700ACB6A8 /* DatePopupViewController.swift in Sources */ = {isa = PBXBuildFile; fileRef = EA1595702BC5396700ACB6A8 /* DatePopupViewController.swift */; };
		EA1595732BC54F8900ACB6A8 /* CameraPopupViewController.swift in Sources */ = {isa = PBXBuildFile; fileRef = EA1595722BC54F8900ACB6A8 /* CameraPopupViewController.swift */; };
		EA2DE4CE2BC3DA2C002A8DBC /* AppDelegate.swift in Sources */ = {isa = PBXBuildFile; fileRef = EA2DE4CD2BC3DA2C002A8DBC /* AppDelegate.swift */; };
		EA2DE4D02BC3DA2C002A8DBC /* SceneDelegate.swift in Sources */ = {isa = PBXBuildFile; fileRef = EA2DE4CF2BC3DA2C002A8DBC /* SceneDelegate.swift */; };
		EA2DE4D22BC3DA2C002A8DBC /* PreloaderViewController.swift in Sources */ = {isa = PBXBuildFile; fileRef = EA2DE4D12BC3DA2C002A8DBC /* PreloaderViewController.swift */; };
		EA2DE4D72BC3DA30002A8DBC /* Assets.xcassets in Resources */ = {isa = PBXBuildFile; fileRef = EA2DE4D62BC3DA30002A8DBC /* Assets.xcassets */; };
		EA2DE4DA2BC3DA30002A8DBC /* Base in Resources */ = {isa = PBXBuildFile; fileRef = EA2DE4D92BC3DA30002A8DBC /* Base */; };
		EACCE5F32BC50BFE00FCCDBB /* NSAttributedString_Extension.swift in Sources */ = {isa = PBXBuildFile; fileRef = EACCE5F22BC50BFE00FCCDBB /* NSAttributedString_Extension.swift */; };
		EAE930AB2BC3ED54006A2ABC /* PreloaderView.swift in Sources */ = {isa = PBXBuildFile; fileRef = EAE930AA2BC3ED54006A2ABC /* PreloaderView.swift */; };
		EAE930AE2BC3EFCA006A2ABC /* Lottie in Frameworks */ = {isa = PBXBuildFile; productRef = EAE930AD2BC3EFCA006A2ABC /* Lottie */; };
		EAE930B22BC3FA98006A2ABC /* SF-Pro.ttf in Resources */ = {isa = PBXBuildFile; fileRef = EAE930B02BC3FA98006A2ABC /* SF-Pro.ttf */; };
		EAE930B32BC3FA98006A2ABC /* SF-Pro-Italic.ttf in Resources */ = {isa = PBXBuildFile; fileRef = EAE930B12BC3FA98006A2ABC /* SF-Pro-Italic.ttf */; };
		EAE930B52BC3FD50006A2ABC /* MarsViewController.swift in Sources */ = {isa = PBXBuildFile; fileRef = EAE930B42BC3FD50006A2ABC /* MarsViewController.swift */; };
		EAE930B72BC40141006A2ABC /* UILabel_Extension.swift in Sources */ = {isa = PBXBuildFile; fileRef = EAE930B62BC40141006A2ABC /* UILabel_Extension.swift */; };
		EAE930BC2BC40610006A2ABC /* loader.json in Resources */ = {isa = PBXBuildFile; fileRef = EAE930BB2BC4060F006A2ABC /* loader.json */; };
		EAE930BE2BC40FCF006A2ABC /* MarsView.swift in Sources */ = {isa = PBXBuildFile; fileRef = EAE930BD2BC40FCF006A2ABC /* MarsView.swift */; };
		EAE930C02BC4136E006A2ABC /* UIViewController_Extension.swift in Sources */ = {isa = PBXBuildFile; fileRef = EAE930BF2BC4136E006A2ABC /* UIViewController_Extension.swift */; };
		EAE930C22BC42FF5006A2ABC /* Button_Extension.swift in Sources */ = {isa = PBXBuildFile; fileRef = EAE930C12BC42FF5006A2ABC /* Button_Extension.swift */; };
		EAE930C42BC43F37006A2ABC /* HistoryViewController.swift in Sources */ = {isa = PBXBuildFile; fileRef = EAE930C32BC43F37006A2ABC /* HistoryViewController.swift */; };
		EAE930C62BC48C92006A2ABC /* MarsTableView.swift in Sources */ = {isa = PBXBuildFile; fileRef = EAE930C52BC48C92006A2ABC /* MarsTableView.swift */; };
		EAE930C92BC48D32006A2ABC /* InfoViewCell.swift in Sources */ = {isa = PBXBuildFile; fileRef = EAE930C82BC48D32006A2ABC /* InfoViewCell.swift */; };
/* End PBXBuildFile section */

/* Begin PBXFileReference section */
		49F0786E04F2D820498C83D1 /* Pods-NASA Client.release.xcconfig */ = {isa = PBXFileReference; includeInIndex = 1; lastKnownFileType = text.xcconfig; name = "Pods-NASA Client.release.xcconfig"; path = "Target Support Files/Pods-NASA Client/Pods-NASA Client.release.xcconfig"; sourceTree = "<group>"; };
		B06E05F58C93054BA129723D /* Pods_NASA_Client.framework */ = {isa = PBXFileReference; explicitFileType = wrapper.framework; includeInIndex = 0; path = Pods_NASA_Client.framework; sourceTree = BUILT_PRODUCTS_DIR; };
		EA1595702BC5396700ACB6A8 /* DatePopupViewController.swift */ = {isa = PBXFileReference; lastKnownFileType = sourcecode.swift; path = DatePopupViewController.swift; sourceTree = "<group>"; };
		EA1595722BC54F8900ACB6A8 /* CameraPopupViewController.swift */ = {isa = PBXFileReference; lastKnownFileType = sourcecode.swift; path = CameraPopupViewController.swift; sourceTree = "<group>"; };
		EA2DE4CA2BC3DA2C002A8DBC /* NASA Client.app */ = {isa = PBXFileReference; explicitFileType = wrapper.application; includeInIndex = 0; path = "NASA Client.app"; sourceTree = BUILT_PRODUCTS_DIR; };
		EA2DE4CD2BC3DA2C002A8DBC /* AppDelegate.swift */ = {isa = PBXFileReference; lastKnownFileType = sourcecode.swift; path = AppDelegate.swift; sourceTree = "<group>"; };
		EA2DE4CF2BC3DA2C002A8DBC /* SceneDelegate.swift */ = {isa = PBXFileReference; lastKnownFileType = sourcecode.swift; path = SceneDelegate.swift; sourceTree = "<group>"; };
		EA2DE4D12BC3DA2C002A8DBC /* PreloaderViewController.swift */ = {isa = PBXFileReference; lastKnownFileType = sourcecode.swift; path = PreloaderViewController.swift; sourceTree = "<group>"; };
		EA2DE4D62BC3DA30002A8DBC /* Assets.xcassets */ = {isa = PBXFileReference; lastKnownFileType = folder.assetcatalog; path = Assets.xcassets; sourceTree = "<group>"; };
		EA2DE4D92BC3DA30002A8DBC /* Base */ = {isa = PBXFileReference; lastKnownFileType = file.storyboard; name = Base; path = Base.lproj/LaunchScreen.storyboard; sourceTree = "<group>"; };
		EA2DE4DB2BC3DA30002A8DBC /* Info.plist */ = {isa = PBXFileReference; lastKnownFileType = text.plist.xml; path = Info.plist; sourceTree = "<group>"; };
		EACCE5F22BC50BFE00FCCDBB /* NSAttributedString_Extension.swift */ = {isa = PBXFileReference; lastKnownFileType = sourcecode.swift; path = NSAttributedString_Extension.swift; sourceTree = "<group>"; };
		EAE930AA2BC3ED54006A2ABC /* PreloaderView.swift */ = {isa = PBXFileReference; lastKnownFileType = sourcecode.swift; path = PreloaderView.swift; sourceTree = "<group>"; };
		EAE930B02BC3FA98006A2ABC /* SF-Pro.ttf */ = {isa = PBXFileReference; lastKnownFileType = file; path = "SF-Pro.ttf"; sourceTree = "<group>"; };
		EAE930B12BC3FA98006A2ABC /* SF-Pro-Italic.ttf */ = {isa = PBXFileReference; lastKnownFileType = file; path = "SF-Pro-Italic.ttf"; sourceTree = "<group>"; };
		EAE930B42BC3FD50006A2ABC /* MarsViewController.swift */ = {isa = PBXFileReference; lastKnownFileType = sourcecode.swift; path = MarsViewController.swift; sourceTree = "<group>"; };
		EAE930B62BC40141006A2ABC /* UILabel_Extension.swift */ = {isa = PBXFileReference; lastKnownFileType = sourcecode.swift; path = UILabel_Extension.swift; sourceTree = "<group>"; };
		EAE930BB2BC4060F006A2ABC /* loader.json */ = {isa = PBXFileReference; fileEncoding = 4; lastKnownFileType = text.json; path = loader.json; sourceTree = "<group>"; };
		EAE930BD2BC40FCF006A2ABC /* MarsView.swift */ = {isa = PBXFileReference; lastKnownFileType = sourcecode.swift; path = MarsView.swift; sourceTree = "<group>"; };
		EAE930BF2BC4136E006A2ABC /* UIViewController_Extension.swift */ = {isa = PBXFileReference; lastKnownFileType = sourcecode.swift; path = UIViewController_Extension.swift; sourceTree = "<group>"; };
		EAE930C12BC42FF5006A2ABC /* Button_Extension.swift */ = {isa = PBXFileReference; lastKnownFileType = sourcecode.swift; path = Button_Extension.swift; sourceTree = "<group>"; };
		EAE930C32BC43F37006A2ABC /* HistoryViewController.swift */ = {isa = PBXFileReference; lastKnownFileType = sourcecode.swift; path = HistoryViewController.swift; sourceTree = "<group>"; };
		EAE930C52BC48C92006A2ABC /* MarsTableView.swift */ = {isa = PBXFileReference; lastKnownFileType = sourcecode.swift; path = MarsTableView.swift; sourceTree = "<group>"; };
		EAE930C82BC48D32006A2ABC /* InfoViewCell.swift */ = {isa = PBXFileReference; lastKnownFileType = sourcecode.swift; path = InfoViewCell.swift; sourceTree = "<group>"; };
		FE62C2F68B70A5758BD31290 /* Pods-NASA Client.debug.xcconfig */ = {isa = PBXFileReference; includeInIndex = 1; lastKnownFileType = text.xcconfig; name = "Pods-NASA Client.debug.xcconfig"; path = "Target Support Files/Pods-NASA Client/Pods-NASA Client.debug.xcconfig"; sourceTree = "<group>"; };
/* End PBXFileReference section */

/* Begin PBXFrameworksBuildPhase section */
		EA2DE4C72BC3DA2C002A8DBC /* Frameworks */ = {
			isa = PBXFrameworksBuildPhase;
			buildActionMask = 2147483647;
			files = (
				19EB938467EB9E0AFC9BB086 /* Pods_NASA_Client.framework in Frameworks */,
				EAE930AE2BC3EFCA006A2ABC /* Lottie in Frameworks */,
			);
			runOnlyForDeploymentPostprocessing = 0;
		};
/* End PBXFrameworksBuildPhase section */

/* Begin PBXGroup section */
		EA2DE4C12BC3DA2C002A8DBC = {
			isa = PBXGroup;
			children = (
				EA2DE4CC2BC3DA2C002A8DBC /* NASA Client */,
				EA2DE4CB2BC3DA2C002A8DBC /* Products */,
				EFBBCFCAF22795FE2530FBF0 /* Pods */,
				F4881E8804A65AFCAE16E823 /* Frameworks */,
			);
			sourceTree = "<group>";
		};
		EA2DE4CB2BC3DA2C002A8DBC /* Products */ = {
			isa = PBXGroup;
			children = (
				EA2DE4CA2BC3DA2C002A8DBC /* NASA Client.app */,
			);
			name = Products;
			sourceTree = "<group>";
		};
		EA2DE4CC2BC3DA2C002A8DBC /* NASA Client */ = {
			isa = PBXGroup;
			children = (
				EA2DE4CD2BC3DA2C002A8DBC /* AppDelegate.swift */,
				EA2DE4CF2BC3DA2C002A8DBC /* SceneDelegate.swift */,
				EAE930BA2BC4058D006A2ABC /* Views */,
				EAE930B92BC4057B006A2ABC /* Controllers */,
				EAE930B82BC40149006A2ABC /* ViewExtensions */,
				EA2DE4D62BC3DA30002A8DBC /* Assets.xcassets */,
				EAE930AF2BC3FA84006A2ABC /* Fonts */,
				EA2DE4D82BC3DA30002A8DBC /* LaunchScreen.storyboard */,
				EA2DE4DB2BC3DA30002A8DBC /* Info.plist */,
				EAE930BB2BC4060F006A2ABC /* loader.json */,
			);
			path = "NASA Client";
			sourceTree = "<group>";
		};
		EAE930AF2BC3FA84006A2ABC /* Fonts */ = {
			isa = PBXGroup;
			children = (
				EAE930B12BC3FA98006A2ABC /* SF-Pro-Italic.ttf */,
				EAE930B02BC3FA98006A2ABC /* SF-Pro.ttf */,
			);
			path = Fonts;
			sourceTree = "<group>";
		};
		EAE930B82BC40149006A2ABC /* ViewExtensions */ = {
			isa = PBXGroup;
			children = (
				EACCE5F22BC50BFE00FCCDBB /* NSAttributedString_Extension.swift */,
				EAE930B62BC40141006A2ABC /* UILabel_Extension.swift */,
				EAE930C12BC42FF5006A2ABC /* Button_Extension.swift */,
				EAE930BF2BC4136E006A2ABC /* UIViewController_Extension.swift */,
			);
			path = ViewExtensions;
			sourceTree = "<group>";
		};
		EAE930B92BC4057B006A2ABC /* Controllers */ = {
			isa = PBXGroup;
			children = (
				EA2DE4D12BC3DA2C002A8DBC /* PreloaderViewController.swift */,
				EAE930B42BC3FD50006A2ABC /* MarsViewController.swift */,
				EAE930C32BC43F37006A2ABC /* HistoryViewController.swift */,
				EA1595702BC5396700ACB6A8 /* DatePopupViewController.swift */,
				EA1595722BC54F8900ACB6A8 /* CameraPopupViewController.swift */,
			);
			path = Controllers;
			sourceTree = "<group>";
		};
		EAE930BA2BC4058D006A2ABC /* Views */ = {
			isa = PBXGroup;
			children = (
				EAE930AA2BC3ED54006A2ABC /* PreloaderView.swift */,
				EAE930BD2BC40FCF006A2ABC /* MarsView.swift */,
				EAE930C52BC48C92006A2ABC /* MarsTableView.swift */,
				EAE930C72BC48D04006A2ABC /* Cells */,
			);
			path = Views;
			sourceTree = "<group>";
		};
		EAE930C72BC48D04006A2ABC /* Cells */ = {
			isa = PBXGroup;
			children = (
				EAE930C82BC48D32006A2ABC /* InfoViewCell.swift */,
			);
			path = Cells;
			sourceTree = "<group>";
		};
		EFBBCFCAF22795FE2530FBF0 /* Pods */ = {
			isa = PBXGroup;
			children = (
				FE62C2F68B70A5758BD31290 /* Pods-NASA Client.debug.xcconfig */,
				49F0786E04F2D820498C83D1 /* Pods-NASA Client.release.xcconfig */,
			);
			path = Pods;
			sourceTree = "<group>";
		};
		F4881E8804A65AFCAE16E823 /* Frameworks */ = {
			isa = PBXGroup;
			children = (
				B06E05F58C93054BA129723D /* Pods_NASA_Client.framework */,
			);
			name = Frameworks;
			sourceTree = "<group>";
		};
/* End PBXGroup section */

/* Begin PBXNativeTarget section */
		EA2DE4C92BC3DA2C002A8DBC /* NASA Client */ = {
			isa = PBXNativeTarget;
			buildConfigurationList = EA2DE4DE2BC3DA30002A8DBC /* Build configuration list for PBXNativeTarget "NASA Client" */;
			buildPhases = (
				A524F763DAEC6B8A2167C0F6 /* [CP] Check Pods Manifest.lock */,
				EA2DE4C62BC3DA2C002A8DBC /* Sources */,
				EA2DE4C72BC3DA2C002A8DBC /* Frameworks */,
				EA2DE4C82BC3DA2C002A8DBC /* Resources */,
				7BF727E29D35D1F54DE07C94 /* [CP] Embed Pods Frameworks */,
			);
			buildRules = (
			);
			dependencies = (
			);
			name = "NASA Client";
			packageProductDependencies = (
				EAE930AD2BC3EFCA006A2ABC /* Lottie */,
			);
			productName = "NASA Client";
			productReference = EA2DE4CA2BC3DA2C002A8DBC /* NASA Client.app */;
			productType = "com.apple.product-type.application";
		};
/* End PBXNativeTarget section */

/* Begin PBXProject section */
		EA2DE4C22BC3DA2C002A8DBC /* Project object */ = {
			isa = PBXProject;
			attributes = {
				BuildIndependentTargetsInParallel = 1;
				LastSwiftUpdateCheck = 1530;
				LastUpgradeCheck = 1530;
				TargetAttributes = {
					EA2DE4C92BC3DA2C002A8DBC = {
						CreatedOnToolsVersion = 15.3;
					};
				};
			};
			buildConfigurationList = EA2DE4C52BC3DA2C002A8DBC /* Build configuration list for PBXProject "NASA Client" */;
			compatibilityVersion = "Xcode 14.0";
			developmentRegion = en;
			hasScannedForEncodings = 0;
			knownRegions = (
				en,
				Base,
			);
			mainGroup = EA2DE4C12BC3DA2C002A8DBC;
			packageReferences = (
				EAE930AC2BC3EFCA006A2ABC /* XCRemoteSwiftPackageReference "lottie-ios" */,
			);
			productRefGroup = EA2DE4CB2BC3DA2C002A8DBC /* Products */;
			projectDirPath = "";
			projectRoot = "";
			targets = (
				EA2DE4C92BC3DA2C002A8DBC /* NASA Client */,
			);
		};
/* End PBXProject section */

/* Begin PBXResourcesBuildPhase section */
		EA2DE4C82BC3DA2C002A8DBC /* Resources */ = {
			isa = PBXResourcesBuildPhase;
			buildActionMask = 2147483647;
			files = (
				EA2DE4D72BC3DA30002A8DBC /* Assets.xcassets in Resources */,
				EAE930B22BC3FA98006A2ABC /* SF-Pro.ttf in Resources */,
				EA2DE4DA2BC3DA30002A8DBC /* Base in Resources */,
				EAE930BC2BC40610006A2ABC /* loader.json in Resources */,
				EAE930B32BC3FA98006A2ABC /* SF-Pro-Italic.ttf in Resources */,
			);
			runOnlyForDeploymentPostprocessing = 0;
		};
/* End PBXResourcesBuildPhase section */

/* Begin PBXShellScriptBuildPhase section */
		7BF727E29D35D1F54DE07C94 /* [CP] Embed Pods Frameworks */ = {
			isa = PBXShellScriptBuildPhase;
			buildActionMask = 2147483647;
			files = (
			);
			inputFileListPaths = (
				"${PODS_ROOT}/Target Support Files/Pods-NASA Client/Pods-NASA Client-frameworks-${CONFIGURATION}-input-files.xcfilelist",
			);
			name = "[CP] Embed Pods Frameworks";
			outputFileListPaths = (
				"${PODS_ROOT}/Target Support Files/Pods-NASA Client/Pods-NASA Client-frameworks-${CONFIGURATION}-output-files.xcfilelist",
			);
			runOnlyForDeploymentPostprocessing = 0;
			shellPath = /bin/sh;
			shellScript = "\"${PODS_ROOT}/Target Support Files/Pods-NASA Client/Pods-NASA Client-frameworks.sh\"\n";
			showEnvVarsInLog = 0;
		};
		A524F763DAEC6B8A2167C0F6 /* [CP] Check Pods Manifest.lock */ = {
			isa = PBXShellScriptBuildPhase;
			buildActionMask = 2147483647;
			files = (
			);
			inputFileListPaths = (
			);
			inputPaths = (
				"${PODS_PODFILE_DIR_PATH}/Podfile.lock",
				"${PODS_ROOT}/Manifest.lock",
			);
			name = "[CP] Check Pods Manifest.lock";
			outputFileListPaths = (
			);
			outputPaths = (
				"$(DERIVED_FILE_DIR)/Pods-NASA Client-checkManifestLockResult.txt",
			);
			runOnlyForDeploymentPostprocessing = 0;
			shellPath = /bin/sh;
			shellScript = "diff \"${PODS_PODFILE_DIR_PATH}/Podfile.lock\" \"${PODS_ROOT}/Manifest.lock\" > /dev/null\nif [ $? != 0 ] ; then\n    # print error to STDERR\n    echo \"error: The sandbox is not in sync with the Podfile.lock. Run 'pod install' or update your CocoaPods installation.\" >&2\n    exit 1\nfi\n# This output is used by Xcode 'outputs' to avoid re-running this script phase.\necho \"SUCCESS\" > \"${SCRIPT_OUTPUT_FILE_0}\"\n";
			showEnvVarsInLog = 0;
		};
/* End PBXShellScriptBuildPhase section */

/* Begin PBXSourcesBuildPhase section */
		EA2DE4C62BC3DA2C002A8DBC /* Sources */ = {
			isa = PBXSourcesBuildPhase;
			buildActionMask = 2147483647;
			files = (
				EAE930C92BC48D32006A2ABC /* InfoViewCell.swift in Sources */,
				EA2DE4D22BC3DA2C002A8DBC /* PreloaderViewController.swift in Sources */,
				EA2DE4CE2BC3DA2C002A8DBC /* AppDelegate.swift in Sources */,
				EA2DE4D02BC3DA2C002A8DBC /* SceneDelegate.swift in Sources */,
				EAE930C42BC43F37006A2ABC /* HistoryViewController.swift in Sources */,
				EA1595712BC5396700ACB6A8 /* DatePopupViewController.swift in Sources */,
				EAE930BE2BC40FCF006A2ABC /* MarsView.swift in Sources */,
				EA1595732BC54F8900ACB6A8 /* CameraPopupViewController.swift in Sources */,
				EAE930C22BC42FF5006A2ABC /* Button_Extension.swift in Sources */,
				EAE930B52BC3FD50006A2ABC /* MarsViewController.swift in Sources */,
				EACCE5F32BC50BFE00FCCDBB /* NSAttributedString_Extension.swift in Sources */,
				EAE930B72BC40141006A2ABC /* UILabel_Extension.swift in Sources */,
				EAE930C62BC48C92006A2ABC /* MarsTableView.swift in Sources */,
				EAE930AB2BC3ED54006A2ABC /* PreloaderView.swift in Sources */,
				EAE930C02BC4136E006A2ABC /* UIViewController_Extension.swift in Sources */,
			);
			runOnlyForDeploymentPostprocessing = 0;
		};
/* End PBXSourcesBuildPhase section */

/* Begin PBXVariantGroup section */
		EA2DE4D82BC3DA30002A8DBC /* LaunchScreen.storyboard */ = {
			isa = PBXVariantGroup;
			children = (
				EA2DE4D92BC3DA30002A8DBC /* Base */,
			);
			name = LaunchScreen.storyboard;
			sourceTree = "<group>";
		};
/* End PBXVariantGroup section */

/* Begin XCBuildConfiguration section */
		EA2DE4DC2BC3DA30002A8DBC /* Debug */ = {
			isa = XCBuildConfiguration;
			buildSettings = {
				ALWAYS_SEARCH_USER_PATHS = NO;
				ASSETCATALOG_COMPILER_GENERATE_SWIFT_ASSET_SYMBOL_EXTENSIONS = YES;
				CLANG_ANALYZER_NONNULL = YES;
				CLANG_ANALYZER_NUMBER_OBJECT_CONVERSION = YES_AGGRESSIVE;
				CLANG_CXX_LANGUAGE_STANDARD = "gnu++20";
				CLANG_ENABLE_MODULES = YES;
				CLANG_ENABLE_OBJC_ARC = YES;
				CLANG_ENABLE_OBJC_WEAK = YES;
				CLANG_WARN_BLOCK_CAPTURE_AUTORELEASING = YES;
				CLANG_WARN_BOOL_CONVERSION = YES;
				CLANG_WARN_COMMA = YES;
				CLANG_WARN_CONSTANT_CONVERSION = YES;
				CLANG_WARN_DEPRECATED_OBJC_IMPLEMENTATIONS = YES;
				CLANG_WARN_DIRECT_OBJC_ISA_USAGE = YES_ERROR;
				CLANG_WARN_DOCUMENTATION_COMMENTS = YES;
				CLANG_WARN_EMPTY_BODY = YES;
				CLANG_WARN_ENUM_CONVERSION = YES;
				CLANG_WARN_INFINITE_RECURSION = YES;
				CLANG_WARN_INT_CONVERSION = YES;
				CLANG_WARN_NON_LITERAL_NULL_CONVERSION = YES;
				CLANG_WARN_OBJC_IMPLICIT_RETAIN_SELF = YES;
				CLANG_WARN_OBJC_LITERAL_CONVERSION = YES;
				CLANG_WARN_OBJC_ROOT_CLASS = YES_ERROR;
				CLANG_WARN_QUOTED_INCLUDE_IN_FRAMEWORK_HEADER = YES;
				CLANG_WARN_RANGE_LOOP_ANALYSIS = YES;
				CLANG_WARN_STRICT_PROTOTYPES = YES;
				CLANG_WARN_SUSPICIOUS_MOVE = YES;
				CLANG_WARN_UNGUARDED_AVAILABILITY = YES_AGGRESSIVE;
				CLANG_WARN_UNREACHABLE_CODE = YES;
				CLANG_WARN__DUPLICATE_METHOD_MATCH = YES;
				COPY_PHASE_STRIP = NO;
				DEBUG_INFORMATION_FORMAT = dwarf;
				ENABLE_STRICT_OBJC_MSGSEND = YES;
				ENABLE_TESTABILITY = YES;
				ENABLE_USER_SCRIPT_SANDBOXING = YES;
				GCC_C_LANGUAGE_STANDARD = gnu17;
				GCC_DYNAMIC_NO_PIC = NO;
				GCC_NO_COMMON_BLOCKS = YES;
				GCC_OPTIMIZATION_LEVEL = 0;
				GCC_PREPROCESSOR_DEFINITIONS = (
					"DEBUG=1",
					"$(inherited)",
				);
				GCC_WARN_64_TO_32_BIT_CONVERSION = YES;
				GCC_WARN_ABOUT_RETURN_TYPE = YES_ERROR;
				GCC_WARN_UNDECLARED_SELECTOR = YES;
				GCC_WARN_UNINITIALIZED_AUTOS = YES_AGGRESSIVE;
				GCC_WARN_UNUSED_FUNCTION = YES;
				GCC_WARN_UNUSED_VARIABLE = YES;
				IPHONEOS_DEPLOYMENT_TARGET = 17.4;
				LOCALIZATION_PREFERS_STRING_CATALOGS = YES;
				MTL_ENABLE_DEBUG_INFO = INCLUDE_SOURCE;
				MTL_FAST_MATH = YES;
				ONLY_ACTIVE_ARCH = YES;
				SDKROOT = iphoneos;
				SWIFT_ACTIVE_COMPILATION_CONDITIONS = "DEBUG $(inherited)";
				SWIFT_OPTIMIZATION_LEVEL = "-Onone";
			};
			name = Debug;
		};
		EA2DE4DD2BC3DA30002A8DBC /* Release */ = {
			isa = XCBuildConfiguration;
			buildSettings = {
				ALWAYS_SEARCH_USER_PATHS = NO;
				ASSETCATALOG_COMPILER_GENERATE_SWIFT_ASSET_SYMBOL_EXTENSIONS = YES;
				CLANG_ANALYZER_NONNULL = YES;
				CLANG_ANALYZER_NUMBER_OBJECT_CONVERSION = YES_AGGRESSIVE;
				CLANG_CXX_LANGUAGE_STANDARD = "gnu++20";
				CLANG_ENABLE_MODULES = YES;
				CLANG_ENABLE_OBJC_ARC = YES;
				CLANG_ENABLE_OBJC_WEAK = YES;
				CLANG_WARN_BLOCK_CAPTURE_AUTORELEASING = YES;
				CLANG_WARN_BOOL_CONVERSION = YES;
				CLANG_WARN_COMMA = YES;
				CLANG_WARN_CONSTANT_CONVERSION = YES;
				CLANG_WARN_DEPRECATED_OBJC_IMPLEMENTATIONS = YES;
				CLANG_WARN_DIRECT_OBJC_ISA_USAGE = YES_ERROR;
				CLANG_WARN_DOCUMENTATION_COMMENTS = YES;
				CLANG_WARN_EMPTY_BODY = YES;
				CLANG_WARN_ENUM_CONVERSION = YES;
				CLANG_WARN_INFINITE_RECURSION = YES;
				CLANG_WARN_INT_CONVERSION = YES;
				CLANG_WARN_NON_LITERAL_NULL_CONVERSION = YES;
				CLANG_WARN_OBJC_IMPLICIT_RETAIN_SELF = YES;
				CLANG_WARN_OBJC_LITERAL_CONVERSION = YES;
				CLANG_WARN_OBJC_ROOT_CLASS = YES_ERROR;
				CLANG_WARN_QUOTED_INCLUDE_IN_FRAMEWORK_HEADER = YES;
				CLANG_WARN_RANGE_LOOP_ANALYSIS = YES;
				CLANG_WARN_STRICT_PROTOTYPES = YES;
				CLANG_WARN_SUSPICIOUS_MOVE = YES;
				CLANG_WARN_UNGUARDED_AVAILABILITY = YES_AGGRESSIVE;
				CLANG_WARN_UNREACHABLE_CODE = YES;
				CLANG_WARN__DUPLICATE_METHOD_MATCH = YES;
				COPY_PHASE_STRIP = NO;
				DEBUG_INFORMATION_FORMAT = "dwarf-with-dsym";
				ENABLE_NS_ASSERTIONS = NO;
				ENABLE_STRICT_OBJC_MSGSEND = YES;
				ENABLE_USER_SCRIPT_SANDBOXING = YES;
				GCC_C_LANGUAGE_STANDARD = gnu17;
				GCC_NO_COMMON_BLOCKS = YES;
				GCC_WARN_64_TO_32_BIT_CONVERSION = YES;
				GCC_WARN_ABOUT_RETURN_TYPE = YES_ERROR;
				GCC_WARN_UNDECLARED_SELECTOR = YES;
				GCC_WARN_UNINITIALIZED_AUTOS = YES_AGGRESSIVE;
				GCC_WARN_UNUSED_FUNCTION = YES;
				GCC_WARN_UNUSED_VARIABLE = YES;
				IPHONEOS_DEPLOYMENT_TARGET = 17.4;
				LOCALIZATION_PREFERS_STRING_CATALOGS = YES;
				MTL_ENABLE_DEBUG_INFO = NO;
				MTL_FAST_MATH = YES;
				SDKROOT = iphoneos;
				SWIFT_COMPILATION_MODE = wholemodule;
				VALIDATE_PRODUCT = YES;
			};
			name = Release;
		};
		EA2DE4DF2BC3DA30002A8DBC /* Debug */ = {
			isa = XCBuildConfiguration;
			baseConfigurationReference = FE62C2F68B70A5758BD31290 /* Pods-NASA Client.debug.xcconfig */;
			buildSettings = {
				ASSETCATALOG_COMPILER_APPICON_NAME = AppIcon;
				ASSETCATALOG_COMPILER_GLOBAL_ACCENT_COLOR_NAME = AccentColor;
				CODE_SIGN_STYLE = Automatic;
				CURRENT_PROJECT_VERSION = 1;
				DEVELOPMENT_TEAM = 3QBZ3X93DR;
				ENABLE_USER_SCRIPT_SANDBOXING = NO;
				GENERATE_INFOPLIST_FILE = YES;
				INFOPLIST_FILE = "NASA Client/Info.plist";
				INFOPLIST_KEY_UIApplicationSupportsIndirectInputEvents = YES;
				INFOPLIST_KEY_UILaunchStoryboardName = LaunchScreen;
				INFOPLIST_KEY_UISupportedInterfaceOrientations = UIInterfaceOrientationPortrait;
				IPHONEOS_DEPLOYMENT_TARGET = 17.0;
				LD_RUNPATH_SEARCH_PATHS = (
					"$(inherited)",
					"@executable_path/Frameworks",
				);
				MARKETING_VERSION = 1.0;
				PRODUCT_BUNDLE_IDENTIFIER = "com.valentyna.NASA-Client";
				PRODUCT_NAME = "$(TARGET_NAME)";
				SWIFT_EMIT_LOC_STRINGS = YES;
				SWIFT_VERSION = 5.0;
				TARGETED_DEVICE_FAMILY = "1,2";
			};
			name = Debug;
		};
		EA2DE4E02BC3DA30002A8DBC /* Release */ = {
			isa = XCBuildConfiguration;
			baseConfigurationReference = 49F0786E04F2D820498C83D1 /* Pods-NASA Client.release.xcconfig */;
			buildSettings = {
				ASSETCATALOG_COMPILER_APPICON_NAME = AppIcon;
				ASSETCATALOG_COMPILER_GLOBAL_ACCENT_COLOR_NAME = AccentColor;
				CODE_SIGN_STYLE = Automatic;
				CURRENT_PROJECT_VERSION = 1;
				DEVELOPMENT_TEAM = 3QBZ3X93DR;
				ENABLE_USER_SCRIPT_SANDBOXING = NO;
				GENERATE_INFOPLIST_FILE = YES;
				INFOPLIST_FILE = "NASA Client/Info.plist";
				INFOPLIST_KEY_UIApplicationSupportsIndirectInputEvents = YES;
				INFOPLIST_KEY_UILaunchStoryboardName = LaunchScreen;
				INFOPLIST_KEY_UISupportedInterfaceOrientations = UIInterfaceOrientationPortrait;
				IPHONEOS_DEPLOYMENT_TARGET = 17.0;
				LD_RUNPATH_SEARCH_PATHS = (
					"$(inherited)",
					"@executable_path/Frameworks",
				);
				MARKETING_VERSION = 1.0;
				PRODUCT_BUNDLE_IDENTIFIER = "com.valentyna.NASA-Client";
				PRODUCT_NAME = "$(TARGET_NAME)";
				SWIFT_EMIT_LOC_STRINGS = YES;
				SWIFT_VERSION = 5.0;
				TARGETED_DEVICE_FAMILY = "1,2";
			};
			name = Release;
		};
/* End XCBuildConfiguration section */

/* Begin XCConfigurationList section */
		EA2DE4C52BC3DA2C002A8DBC /* Build configuration list for PBXProject "NASA Client" */ = {
			isa = XCConfigurationList;
			buildConfigurations = (
				EA2DE4DC2BC3DA30002A8DBC /* Debug */,
				EA2DE4DD2BC3DA30002A8DBC /* Release */,
			);
			defaultConfigurationIsVisible = 0;
			defaultConfigurationName = Release;
		};
		EA2DE4DE2BC3DA30002A8DBC /* Build configuration list for PBXNativeTarget "NASA Client" */ = {
			isa = XCConfigurationList;
			buildConfigurations = (
				EA2DE4DF2BC3DA30002A8DBC /* Debug */,
				EA2DE4E02BC3DA30002A8DBC /* Release */,
			);
			defaultConfigurationIsVisible = 0;
			defaultConfigurationName = Release;
		};
/* End XCConfigurationList section */

/* Begin XCRemoteSwiftPackageReference section */
		EAE930AC2BC3EFCA006A2ABC /* XCRemoteSwiftPackageReference "lottie-ios" */ = {
			isa = XCRemoteSwiftPackageReference;
			repositoryURL = "https://github.com/airbnb/lottie-ios.git";
			requirement = {
				kind = upToNextMajorVersion;
				minimumVersion = 4.4.2;
			};
		};
/* End XCRemoteSwiftPackageReference section */

/* Begin XCSwiftPackageProductDependency section */
		EAE930AD2BC3EFCA006A2ABC /* Lottie */ = {
			isa = XCSwiftPackageProductDependency;
			package = EAE930AC2BC3EFCA006A2ABC /* XCRemoteSwiftPackageReference "lottie-ios" */;
			productName = Lottie;
		};
/* End XCSwiftPackageProductDependency section */
	};
	rootObject = EA2DE4C22BC3DA2C002A8DBC /* Project object */;
}
