// !$*UTF8*$!
{
	archiveVersion = 1;
	classes = {
	};
	objectVersion = 56;
	objects = {

/* Begin PBXBuildFile section */
		EA1595712BC5396700ACB6A8 /* DatePopupViewController.swift in Sources */ = {isa = PBXBuildFile; fileRef = EA1595702BC5396700ACB6A8 /* DatePopupViewController.swift */; };
		EA1595732BC54F8900ACB6A8 /* BottomPopupViewController.swift in Sources */ = {isa = PBXBuildFile; fileRef = EA1595722BC54F8900ACB6A8 /* BottomPopupViewController.swift */; };
		EA15957A2BC58AF900ACB6A8 /* NetworkService.swift in Sources */ = {isa = PBXBuildFile; fileRef = EA1595792BC58AF900ACB6A8 /* NetworkService.swift */; };
		EA15957D2BC58C1E00ACB6A8 /* MarsRoverPhotos.swift in Sources */ = {isa = PBXBuildFile; fileRef = EA15957C2BC58C1D00ACB6A8 /* MarsRoverPhotos.swift */; };
		EA15957F2BC5986E00ACB6A8 /* MarsRover.swift in Sources */ = {isa = PBXBuildFile; fileRef = EA15957E2BC5986E00ACB6A8 /* MarsRover.swift */; };
		EA1595812BC5B6CE00ACB6A8 /* Filters.swift in Sources */ = {isa = PBXBuildFile; fileRef = EA1595802BC5B6CE00ACB6A8 /* Filters.swift */; };
		EA1595832BC5B75600ACB6A8 /* CustomDateFormatter.swift in Sources */ = {isa = PBXBuildFile; fileRef = EA1595822BC5B75600ACB6A8 /* CustomDateFormatter.swift */; };
		EA1595862BC5C41F00ACB6A8 /* Kingfisher in Frameworks */ = {isa = PBXBuildFile; productRef = EA1595852BC5C41F00ACB6A8 /* Kingfisher */; };
		EA1595882BC5D4BD00ACB6A8 /* DetailImageViewController.swift in Sources */ = {isa = PBXBuildFile; fileRef = EA1595872BC5D4BD00ACB6A8 /* DetailImageViewController.swift */; };
		EA15958A2BC5D4DD00ACB6A8 /* DetailImageView.swift in Sources */ = {isa = PBXBuildFile; fileRef = EA1595892BC5D4DD00ACB6A8 /* DetailImageView.swift */; };
		EA15958C2BC5F84000ACB6A8 /* SetupFiltersDelegate.swift in Sources */ = {isa = PBXBuildFile; fileRef = EA15958B2BC5F84000ACB6A8 /* SetupFiltersDelegate.swift */; };
		EA2DE4CE2BC3DA2C002A8DBC /* AppDelegate.swift in Sources */ = {isa = PBXBuildFile; fileRef = EA2DE4CD2BC3DA2C002A8DBC /* AppDelegate.swift */; };
		EA2DE4D02BC3DA2C002A8DBC /* SceneDelegate.swift in Sources */ = {isa = PBXBuildFile; fileRef = EA2DE4CF2BC3DA2C002A8DBC /* SceneDelegate.swift */; };
		EA2DE4D22BC3DA2C002A8DBC /* PreloaderViewController.swift in Sources */ = {isa = PBXBuildFile; fileRef = EA2DE4D12BC3DA2C002A8DBC /* PreloaderViewController.swift */; };
		EA2DE4D72BC3DA30002A8DBC /* Assets.xcassets in Resources */ = {isa = PBXBuildFile; fileRef = EA2DE4D62BC3DA30002A8DBC /* Assets.xcassets */; };
		EA2DE4DA2BC3DA30002A8DBC /* Base in Resources */ = {isa = PBXBuildFile; fileRef = EA2DE4D92BC3DA30002A8DBC /* Base */; };
		EACCE5F32BC50BFE00FCCDBB /* NSAttributedString+Ext.swift in Sources */ = {isa = PBXBuildFile; fileRef = EACCE5F22BC50BFE00FCCDBB /* NSAttributedString+Ext.swift */; };
		EADD1B072BC665FD00BE6019 /* ChangeDateDelegate.swift in Sources */ = {isa = PBXBuildFile; fileRef = EADD1B062BC665FD00BE6019 /* ChangeDateDelegate.swift */; };
		EADD1B0A2BC68D3D00BE6019 /* Realm in Frameworks */ = {isa = PBXBuildFile; productRef = EADD1B092BC68D3D00BE6019 /* Realm */; };
		EADD1B0C2BC68D3D00BE6019 /* RealmSwift in Frameworks */ = {isa = PBXBuildFile; productRef = EADD1B0B2BC68D3D00BE6019 /* RealmSwift */; };
		EADD1B0E2BC6B56800BE6019 /* CustomFont.swift in Sources */ = {isa = PBXBuildFile; fileRef = EADD1B0D2BC6B56800BE6019 /* CustomFont.swift */; };
		EADD1B102BC6BBC600BE6019 /* HistoryView.swift in Sources */ = {isa = PBXBuildFile; fileRef = EADD1B0F2BC6BBC600BE6019 /* HistoryView.swift */; };
		EADD1B122BC6BD2D00BE6019 /* HistoryViewCell.swift in Sources */ = {isa = PBXBuildFile; fileRef = EADD1B112BC6BD2D00BE6019 /* HistoryViewCell.swift */; };
		EADD1B152BC6D82600BE6019 /* AlertHelper.swift in Sources */ = {isa = PBXBuildFile; fileRef = EADD1B142BC6D82600BE6019 /* AlertHelper.swift */; };
		EADD1B172BC6FE1700BE6019 /* RealmSavedFiltersDelegate.swift in Sources */ = {isa = PBXBuildFile; fileRef = EADD1B162BC6FE1700BE6019 /* RealmSavedFiltersDelegate.swift */; };
		EADD1B192BC7A31800BE6019 /* HistoryEmptyView.swift in Sources */ = {isa = PBXBuildFile; fileRef = EADD1B182BC7A31800BE6019 /* HistoryEmptyView.swift */; };
		EADD1B1B2BC7D06400BE6019 /* MarsEmptyView.swift in Sources */ = {isa = PBXBuildFile; fileRef = EADD1B1A2BC7D06400BE6019 /* MarsEmptyView.swift */; };
		EADD1B1D2BC7FF6E00BE6019 /* UIImageView+Ext.swift in Sources */ = {isa = PBXBuildFile; fileRef = EADD1B1C2BC7FF6E00BE6019 /* UIImageView+Ext.swift */; };
		EAE930AB2BC3ED54006A2ABC /* PreloaderView.swift in Sources */ = {isa = PBXBuildFile; fileRef = EAE930AA2BC3ED54006A2ABC /* PreloaderView.swift */; };
		EAE930AE2BC3EFCA006A2ABC /* Lottie in Frameworks */ = {isa = PBXBuildFile; productRef = EAE930AD2BC3EFCA006A2ABC /* Lottie */; };
		EAE930B22BC3FA98006A2ABC /* SF-Pro.ttf in Resources */ = {isa = PBXBuildFile; fileRef = EAE930B02BC3FA98006A2ABC /* SF-Pro.ttf */; };
		EAE930B32BC3FA98006A2ABC /* SF-Pro-Italic.ttf in Resources */ = {isa = PBXBuildFile; fileRef = EAE930B12BC3FA98006A2ABC /* SF-Pro-Italic.ttf */; };
		EAE930B52BC3FD50006A2ABC /* MarsViewController.swift in Sources */ = {isa = PBXBuildFile; fileRef = EAE930B42BC3FD50006A2ABC /* MarsViewController.swift */; };
		EAE930BC2BC40610006A2ABC /* loader.json in Resources */ = {isa = PBXBuildFile; fileRef = EAE930BB2BC4060F006A2ABC /* loader.json */; };
		EAE930BE2BC40FCF006A2ABC /* MarsView.swift in Sources */ = {isa = PBXBuildFile; fileRef = EAE930BD2BC40FCF006A2ABC /* MarsView.swift */; };
		EAE930C22BC42FF5006A2ABC /* Button+Ext.swift in Sources */ = {isa = PBXBuildFile; fileRef = EAE930C12BC42FF5006A2ABC /* Button+Ext.swift */; };
		EAE930C42BC43F37006A2ABC /* HistoryViewController.swift in Sources */ = {isa = PBXBuildFile; fileRef = EAE930C32BC43F37006A2ABC /* HistoryViewController.swift */; };
		EAE930C62BC48C92006A2ABC /* MarsTableView.swift in Sources */ = {isa = PBXBuildFile; fileRef = EAE930C52BC48C92006A2ABC /* MarsTableView.swift */; };
		EAE930C92BC48D32006A2ABC /* InfoViewCell.swift in Sources */ = {isa = PBXBuildFile; fileRef = EAE930C82BC48D32006A2ABC /* InfoViewCell.swift */; };
/* End PBXBuildFile section */

/* Begin PBXFileReference section */
		EA1595702BC5396700ACB6A8 /* DatePopupViewController.swift */ = {isa = PBXFileReference; lastKnownFileType = sourcecode.swift; path = DatePopupViewController.swift; sourceTree = "<group>"; };
		EA1595722BC54F8900ACB6A8 /* BottomPopupViewController.swift */ = {isa = PBXFileReference; lastKnownFileType = sourcecode.swift; path = BottomPopupViewController.swift; sourceTree = "<group>"; };
		EA1595792BC58AF900ACB6A8 /* NetworkService.swift */ = {isa = PBXFileReference; lastKnownFileType = sourcecode.swift; path = NetworkService.swift; sourceTree = "<group>"; };
		EA15957C2BC58C1D00ACB6A8 /* MarsRoverPhotos.swift */ = {isa = PBXFileReference; lastKnownFileType = sourcecode.swift; path = MarsRoverPhotos.swift; sourceTree = "<group>"; };
		EA15957E2BC5986E00ACB6A8 /* MarsRover.swift */ = {isa = PBXFileReference; lastKnownFileType = sourcecode.swift; path = MarsRover.swift; sourceTree = "<group>"; };
		EA1595802BC5B6CE00ACB6A8 /* Filters.swift */ = {isa = PBXFileReference; lastKnownFileType = sourcecode.swift; path = Filters.swift; sourceTree = "<group>"; };
		EA1595822BC5B75600ACB6A8 /* CustomDateFormatter.swift */ = {isa = PBXFileReference; lastKnownFileType = sourcecode.swift; path = CustomDateFormatter.swift; sourceTree = "<group>"; };
		EA1595872BC5D4BD00ACB6A8 /* DetailImageViewController.swift */ = {isa = PBXFileReference; lastKnownFileType = sourcecode.swift; path = DetailImageViewController.swift; sourceTree = "<group>"; };
		EA1595892BC5D4DD00ACB6A8 /* DetailImageView.swift */ = {isa = PBXFileReference; lastKnownFileType = sourcecode.swift; path = DetailImageView.swift; sourceTree = "<group>"; };
		EA15958B2BC5F84000ACB6A8 /* SetupFiltersDelegate.swift */ = {isa = PBXFileReference; lastKnownFileType = sourcecode.swift; path = SetupFiltersDelegate.swift; sourceTree = "<group>"; };
		EA2DE4CA2BC3DA2C002A8DBC /* NASA Client.app */ = {isa = PBXFileReference; explicitFileType = wrapper.application; includeInIndex = 0; path = "NASA Client.app"; sourceTree = BUILT_PRODUCTS_DIR; };
		EA2DE4CD2BC3DA2C002A8DBC /* AppDelegate.swift */ = {isa = PBXFileReference; lastKnownFileType = sourcecode.swift; path = AppDelegate.swift; sourceTree = "<group>"; };
		EA2DE4CF2BC3DA2C002A8DBC /* SceneDelegate.swift */ = {isa = PBXFileReference; lastKnownFileType = sourcecode.swift; path = SceneDelegate.swift; sourceTree = "<group>"; };
		EA2DE4D12BC3DA2C002A8DBC /* PreloaderViewController.swift */ = {isa = PBXFileReference; lastKnownFileType = sourcecode.swift; path = PreloaderViewController.swift; sourceTree = "<group>"; };
		EA2DE4D62BC3DA30002A8DBC /* Assets.xcassets */ = {isa = PBXFileReference; lastKnownFileType = folder.assetcatalog; path = Assets.xcassets; sourceTree = "<group>"; };
		EA2DE4D92BC3DA30002A8DBC /* Base */ = {isa = PBXFileReference; lastKnownFileType = file.storyboard; name = Base; path = Base.lproj/LaunchScreen.storyboard; sourceTree = "<group>"; };
		EA2DE4DB2BC3DA30002A8DBC /* Info.plist */ = {isa = PBXFileReference; lastKnownFileType = text.plist.xml; path = Info.plist; sourceTree = "<group>"; };
		EACCE5F22BC50BFE00FCCDBB /* NSAttributedString+Ext.swift */ = {isa = PBXFileReference; lastKnownFileType = sourcecode.swift; path = "NSAttributedString+Ext.swift"; sourceTree = "<group>"; };
		EADD1B062BC665FD00BE6019 /* ChangeDateDelegate.swift */ = {isa = PBXFileReference; lastKnownFileType = sourcecode.swift; path = ChangeDateDelegate.swift; sourceTree = "<group>"; };
		EADD1B0D2BC6B56800BE6019 /* CustomFont.swift */ = {isa = PBXFileReference; lastKnownFileType = sourcecode.swift; path = CustomFont.swift; sourceTree = "<group>"; };
		EADD1B0F2BC6BBC600BE6019 /* HistoryView.swift */ = {isa = PBXFileReference; lastKnownFileType = sourcecode.swift; path = HistoryView.swift; sourceTree = "<group>"; };
		EADD1B112BC6BD2D00BE6019 /* HistoryViewCell.swift */ = {isa = PBXFileReference; lastKnownFileType = sourcecode.swift; path = HistoryViewCell.swift; sourceTree = "<group>"; };
		EADD1B142BC6D82600BE6019 /* AlertHelper.swift */ = {isa = PBXFileReference; lastKnownFileType = sourcecode.swift; path = AlertHelper.swift; sourceTree = "<group>"; };
		EADD1B162BC6FE1700BE6019 /* RealmSavedFiltersDelegate.swift */ = {isa = PBXFileReference; lastKnownFileType = sourcecode.swift; path = RealmSavedFiltersDelegate.swift; sourceTree = "<group>"; };
		EADD1B182BC7A31800BE6019 /* HistoryEmptyView.swift */ = {isa = PBXFileReference; lastKnownFileType = sourcecode.swift; path = HistoryEmptyView.swift; sourceTree = "<group>"; };
		EADD1B1A2BC7D06400BE6019 /* MarsEmptyView.swift */ = {isa = PBXFileReference; lastKnownFileType = sourcecode.swift; path = MarsEmptyView.swift; sourceTree = "<group>"; };
		EADD1B1C2BC7FF6E00BE6019 /* UIImageView+Ext.swift */ = {isa = PBXFileReference; lastKnownFileType = sourcecode.swift; path = "UIImageView+Ext.swift"; sourceTree = "<group>"; };
		EAE930AA2BC3ED54006A2ABC /* PreloaderView.swift */ = {isa = PBXFileReference; lastKnownFileType = sourcecode.swift; path = PreloaderView.swift; sourceTree = "<group>"; };
		EAE930B02BC3FA98006A2ABC /* SF-Pro.ttf */ = {isa = PBXFileReference; lastKnownFileType = file; path = "SF-Pro.ttf"; sourceTree = "<group>"; };
		EAE930B12BC3FA98006A2ABC /* SF-Pro-Italic.ttf */ = {isa = PBXFileReference; lastKnownFileType = file; path = "SF-Pro-Italic.ttf"; sourceTree = "<group>"; };
		EAE930B42BC3FD50006A2ABC /* MarsViewController.swift */ = {isa = PBXFileReference; lastKnownFileType = sourcecode.swift; path = MarsViewController.swift; sourceTree = "<group>"; };
		EAE930BB2BC4060F006A2ABC /* loader.json */ = {isa = PBXFileReference; fileEncoding = 4; lastKnownFileType = text.json; path = loader.json; sourceTree = "<group>"; };
		EAE930BD2BC40FCF006A2ABC /* MarsView.swift */ = {isa = PBXFileReference; lastKnownFileType = sourcecode.swift; path = MarsView.swift; sourceTree = "<group>"; };
		EAE930C12BC42FF5006A2ABC /* Button+Ext.swift */ = {isa = PBXFileReference; lastKnownFileType = sourcecode.swift; path = "Button+Ext.swift"; sourceTree = "<group>"; };
		EAE930C32BC43F37006A2ABC /* HistoryViewController.swift */ = {isa = PBXFileReference; lastKnownFileType = sourcecode.swift; path = HistoryViewController.swift; sourceTree = "<group>"; };
		EAE930C52BC48C92006A2ABC /* MarsTableView.swift */ = {isa = PBXFileReference; lastKnownFileType = sourcecode.swift; path = MarsTableView.swift; sourceTree = "<group>"; };
		EAE930C82BC48D32006A2ABC /* InfoViewCell.swift */ = {isa = PBXFileReference; lastKnownFileType = sourcecode.swift; path = InfoViewCell.swift; sourceTree = "<group>"; };
/* End PBXFileReference section */

/* Begin PBXFrameworksBuildPhase section */
		EA2DE4C72BC3DA2C002A8DBC /* Frameworks */ = {
			isa = PBXFrameworksBuildPhase;
			buildActionMask = 2147483647;
			files = (
				EA1595862BC5C41F00ACB6A8 /* Kingfisher in Frameworks */,
				EADD1B0A2BC68D3D00BE6019 /* Realm in Frameworks */,
				EADD1B0C2BC68D3D00BE6019 /* RealmSwift in Frameworks */,
				EAE930AE2BC3EFCA006A2ABC /* Lottie in Frameworks */,
			);
			runOnlyForDeploymentPostprocessing = 0;
		};
/* End PBXFrameworksBuildPhase section */

/* Begin PBXGroup section */
		EA1595782BC58ADA00ACB6A8 /* Services */ = {
			isa = PBXGroup;
			children = (
				EA1595792BC58AF900ACB6A8 /* NetworkService.swift */,
			);
			path = Services;
			sourceTree = "<group>";
		};
		EA15957B2BC58BF800ACB6A8 /* Model */ = {
			isa = PBXGroup;
			children = (
				EA15957E2BC5986E00ACB6A8 /* MarsRover.swift */,
				EA15957C2BC58C1D00ACB6A8 /* MarsRoverPhotos.swift */,
				EA1595802BC5B6CE00ACB6A8 /* Filters.swift */,
			);
			path = Model;
			sourceTree = "<group>";
		};
		EA2DE4C12BC3DA2C002A8DBC = {
			isa = PBXGroup;
			children = (
				EA2DE4CC2BC3DA2C002A8DBC /* NASA Client */,
				EA2DE4CB2BC3DA2C002A8DBC /* Products */,
			);
			sourceTree = "<group>";
		};
		EA2DE4CB2BC3DA2C002A8DBC /* Products */ = {
			isa = PBXGroup;
			children = (
				EA2DE4CA2BC3DA2C002A8DBC /* NASA Client.app */,
			);
			name = Products;
			sourceTree = "<group>";
		};
		EA2DE4CC2BC3DA2C002A8DBC /* NASA Client */ = {
			isa = PBXGroup;
			children = (
				EA2DE4CD2BC3DA2C002A8DBC /* AppDelegate.swift */,
				EA2DE4CF2BC3DA2C002A8DBC /* SceneDelegate.swift */,
				EA15957B2BC58BF800ACB6A8 /* Model */,
				EAE930BA2BC4058D006A2ABC /* Views */,
				EAE930B92BC4057B006A2ABC /* Controllers */,
				EAE930B82BC40149006A2ABC /* ViewExtensions */,
				EA1595782BC58ADA00ACB6A8 /* Services */,
				EADD1B202BC857A700BE6019 /* Utilities */,
				EADD1B132BC6D7FC00BE6019 /* Delegates */,
				EADD1B0D2BC6B56800BE6019 /* CustomFont.swift */,
				EA1595822BC5B75600ACB6A8 /* CustomDateFormatter.swift */,
				EA2DE4D62BC3DA30002A8DBC /* Assets.xcassets */,
				EAE930AF2BC3FA84006A2ABC /* Fonts */,
				EA2DE4D82BC3DA30002A8DBC /* LaunchScreen.storyboard */,
				EA2DE4DB2BC3DA30002A8DBC /* Info.plist */,
				EAE930BB2BC4060F006A2ABC /* loader.json */,
			);
			path = "NASA Client";
			sourceTree = "<group>";
		};
		EADD1B132BC6D7FC00BE6019 /* Delegates */ = {
			isa = PBXGroup;
			children = (
				EA15958B2BC5F84000ACB6A8 /* SetupFiltersDelegate.swift */,
				EADD1B062BC665FD00BE6019 /* ChangeDateDelegate.swift */,
				EADD1B162BC6FE1700BE6019 /* RealmSavedFiltersDelegate.swift */,
			);
			path = Delegates;
			sourceTree = "<group>";
		};
		EADD1B202BC857A700BE6019 /* Utilities */ = {
			isa = PBXGroup;
			children = (
				EADD1B142BC6D82600BE6019 /* AlertHelper.swift */,
			);
			path = Utilities;
			sourceTree = "<group>";
		};
		EAE930AF2BC3FA84006A2ABC /* Fonts */ = {
			isa = PBXGroup;
			children = (
				EAE930B12BC3FA98006A2ABC /* SF-Pro-Italic.ttf */,
				EAE930B02BC3FA98006A2ABC /* SF-Pro.ttf */,
			);
			path = Fonts;
			sourceTree = "<group>";
		};
		EAE930B82BC40149006A2ABC /* ViewExtensions */ = {
			isa = PBXGroup;
			children = (
				EACCE5F22BC50BFE00FCCDBB /* NSAttributedString+Ext.swift */,
				EAE930C12BC42FF5006A2ABC /* Button+Ext.swift */,
				EADD1B1C2BC7FF6E00BE6019 /* UIImageView+Ext.swift */,
			);
			path = ViewExtensions;
			sourceTree = "<group>";
		};
		EAE930B92BC4057B006A2ABC /* Controllers */ = {
			isa = PBXGroup;
			children = (
				EA2DE4D12BC3DA2C002A8DBC /* PreloaderViewController.swift */,
				EAE930B42BC3FD50006A2ABC /* MarsViewController.swift */,
				EAE930C32BC43F37006A2ABC /* HistoryViewController.swift */,
				EA1595702BC5396700ACB6A8 /* DatePopupViewController.swift */,
				EA1595722BC54F8900ACB6A8 /* BottomPopupViewController.swift */,
				EA1595872BC5D4BD00ACB6A8 /* DetailImageViewController.swift */,
			);
			path = Controllers;
			sourceTree = "<group>";
		};
		EAE930BA2BC4058D006A2ABC /* Views */ = {
			isa = PBXGroup;
			children = (
				EAE930AA2BC3ED54006A2ABC /* PreloaderView.swift */,
				EAE930BD2BC40FCF006A2ABC /* MarsView.swift */,
				EADD1B1A2BC7D06400BE6019 /* MarsEmptyView.swift */,
				EAE930C52BC48C92006A2ABC /* MarsTableView.swift */,
				EA1595892BC5D4DD00ACB6A8 /* DetailImageView.swift */,
				EADD1B0F2BC6BBC600BE6019 /* HistoryView.swift */,
				EADD1B182BC7A31800BE6019 /* HistoryEmptyView.swift */,
				EAE930C72BC48D04006A2ABC /* Cells */,
			);
			path = Views;
			sourceTree = "<group>";
		};
		EAE930C72BC48D04006A2ABC /* Cells */ = {
			isa = PBXGroup;
			children = (
				EAE930C82BC48D32006A2ABC /* InfoViewCell.swift */,
				EADD1B112BC6BD2D00BE6019 /* HistoryViewCell.swift */,
			);
			path = Cells;
			sourceTree = "<group>";
		};
/* End PBXGroup section */

/* Begin PBXNativeTarget section */
		EA2DE4C92BC3DA2C002A8DBC /* NASA Client */ = {
			isa = PBXNativeTarget;
			buildConfigurationList = EA2DE4DE2BC3DA30002A8DBC /* Build configuration list for PBXNativeTarget "NASA Client" */;
			buildPhases = (
				EA2DE4C62BC3DA2C002A8DBC /* Sources */,
				EA2DE4C72BC3DA2C002A8DBC /* Frameworks */,
				EA2DE4C82BC3DA2C002A8DBC /* Resources */,
			);
			buildRules = (
			);
			dependencies = (
			);
			name = "NASA Client";
			packageProductDependencies = (
				EAE930AD2BC3EFCA006A2ABC /* Lottie */,
				EA1595852BC5C41F00ACB6A8 /* Kingfisher */,
				EADD1B092BC68D3D00BE6019 /* Realm */,
				EADD1B0B2BC68D3D00BE6019 /* RealmSwift */,
			);
			productName = "NASA Client";
			productReference = EA2DE4CA2BC3DA2C002A8DBC /* NASA Client.app */;
			productType = "com.apple.product-type.application";
		};
/* End PBXNativeTarget section */

/* Begin PBXProject section */
		EA2DE4C22BC3DA2C002A8DBC /* Project object */ = {
			isa = PBXProject;
			attributes = {
				BuildIndependentTargetsInParallel = 1;
				LastSwiftUpdateCheck = 1530;
				LastUpgradeCheck = 1530;
				TargetAttributes = {
					EA2DE4C92BC3DA2C002A8DBC = {
						CreatedOnToolsVersion = 15.3;
					};
				};
			};
			buildConfigurationList = EA2DE4C52BC3DA2C002A8DBC /* Build configuration list for PBXProject "NASA Client" */;
			compatibilityVersion = "Xcode 14.0";
			developmentRegion = en;
			hasScannedForEncodings = 0;
			knownRegions = (
				en,
				Base,
			);
			mainGroup = EA2DE4C12BC3DA2C002A8DBC;
			packageReferences = (
				EAE930AC2BC3EFCA006A2ABC /* XCRemoteSwiftPackageReference "lottie-ios" */,
				EA1595842BC5C41F00ACB6A8 /* XCRemoteSwiftPackageReference "Kingfisher" */,
				EADD1B082BC68D3D00BE6019 /* XCRemoteSwiftPackageReference "realm-swift" */,
			);
			productRefGroup = EA2DE4CB2BC3DA2C002A8DBC /* Products */;
			projectDirPath = "";
			projectRoot = "";
			targets = (
				EA2DE4C92BC3DA2C002A8DBC /* NASA Client */,
			);
		};
/* End PBXProject section */

/* Begin PBXResourcesBuildPhase section */
		EA2DE4C82BC3DA2C002A8DBC /* Resources */ = {
			isa = PBXResourcesBuildPhase;
			buildActionMask = 2147483647;
			files = (
				EA2DE4D72BC3DA30002A8DBC /* Assets.xcassets in Resources */,
				EAE930B22BC3FA98006A2ABC /* SF-Pro.ttf in Resources */,
				EA2DE4DA2BC3DA30002A8DBC /* Base in Resources */,
				EAE930BC2BC40610006A2ABC /* loader.json in Resources */,
				EAE930B32BC3FA98006A2ABC /* SF-Pro-Italic.ttf in Resources */,
			);
			runOnlyForDeploymentPostprocessing = 0;
		};
/* End PBXResourcesBuildPhase section */

/* Begin PBXSourcesBuildPhase section */
		EA2DE4C62BC3DA2C002A8DBC /* Sources */ = {
			isa = PBXSourcesBuildPhase;
			buildActionMask = 2147483647;
			files = (
				EADD1B152BC6D82600BE6019 /* AlertHelper.swift in Sources */,
				EAE930C92BC48D32006A2ABC /* InfoViewCell.swift in Sources */,
				EADD1B102BC6BBC600BE6019 /* HistoryView.swift in Sources */,
				EA2DE4D22BC3DA2C002A8DBC /* PreloaderViewController.swift in Sources */,
				EA2DE4CE2BC3DA2C002A8DBC /* AppDelegate.swift in Sources */,
				EA2DE4D02BC3DA2C002A8DBC /* SceneDelegate.swift in Sources */,
				EA15958A2BC5D4DD00ACB6A8 /* DetailImageView.swift in Sources */,
				EAE930C42BC43F37006A2ABC /* HistoryViewController.swift in Sources */,
				EA15958C2BC5F84000ACB6A8 /* SetupFiltersDelegate.swift in Sources */,
				EA1595712BC5396700ACB6A8 /* DatePopupViewController.swift in Sources */,
				EA15957F2BC5986E00ACB6A8 /* MarsRover.swift in Sources */,
				EAE930BE2BC40FCF006A2ABC /* MarsView.swift in Sources */,
				EA1595812BC5B6CE00ACB6A8 /* Filters.swift in Sources */,
				EADD1B1B2BC7D06400BE6019 /* MarsEmptyView.swift in Sources */,
				EA1595732BC54F8900ACB6A8 /* BottomPopupViewController.swift in Sources */,
				EAE930C22BC42FF5006A2ABC /* Button+Ext.swift in Sources */,
				EA1595882BC5D4BD00ACB6A8 /* DetailImageViewController.swift in Sources */,
				EADD1B172BC6FE1700BE6019 /* RealmSavedFiltersDelegate.swift in Sources */,
				EA15957A2BC58AF900ACB6A8 /* NetworkService.swift in Sources */,
				EA1595832BC5B75600ACB6A8 /* CustomDateFormatter.swift in Sources */,
				EAE930B52BC3FD50006A2ABC /* MarsViewController.swift in Sources */,
				EACCE5F32BC50BFE00FCCDBB /* NSAttributedString+Ext.swift in Sources */,
				EA15957D2BC58C1E00ACB6A8 /* MarsRoverPhotos.swift in Sources */,
				EAE930C62BC48C92006A2ABC /* MarsTableView.swift in Sources */,
				EADD1B0E2BC6B56800BE6019 /* CustomFont.swift in Sources */,
				EADD1B072BC665FD00BE6019 /* ChangeDateDelegate.swift in Sources */,
				EADD1B192BC7A31800BE6019 /* HistoryEmptyView.swift in Sources */,
				EAE930AB2BC3ED54006A2ABC /* PreloaderView.swift in Sources */,
				EADD1B1D2BC7FF6E00BE6019 /* UIImageView+Ext.swift in Sources */,
				EADD1B122BC6BD2D00BE6019 /* HistoryViewCell.swift in Sources */,
			);
			runOnlyForDeploymentPostprocessing = 0;
		};
/* End PBXSourcesBuildPhase section */

/* Begin PBXVariantGroup section */
		EA2DE4D82BC3DA30002A8DBC /* LaunchScreen.storyboard */ = {
			isa = PBXVariantGroup;
			children = (
				EA2DE4D92BC3DA30002A8DBC /* Base */,
			);
			name = LaunchScreen.storyboard;
			sourceTree = "<group>";
		};
/* End PBXVariantGroup section */

/* Begin XCBuildConfiguration section */
		EA2DE4DC2BC3DA30002A8DBC /* Debug */ = {
			isa = XCBuildConfiguration;
			buildSettings = {
				ALWAYS_SEARCH_USER_PATHS = NO;
				ASSETCATALOG_COMPILER_GENERATE_SWIFT_ASSET_SYMBOL_EXTENSIONS = YES;
				CLANG_ANALYZER_NONNULL = YES;
				CLANG_ANALYZER_NUMBER_OBJECT_CONVERSION = YES_AGGRESSIVE;
				CLANG_CXX_LANGUAGE_STANDARD = "gnu++20";
				CLANG_ENABLE_MODULES = YES;
				CLANG_ENABLE_OBJC_ARC = YES;
				CLANG_ENABLE_OBJC_WEAK = YES;
				CLANG_WARN_BLOCK_CAPTURE_AUTORELEASING = YES;
				CLANG_WARN_BOOL_CONVERSION = YES;
				CLANG_WARN_COMMA = YES;
				CLANG_WARN_CONSTANT_CONVERSION = YES;
				CLANG_WARN_DEPRECATED_OBJC_IMPLEMENTATIONS = YES;
				CLANG_WARN_DIRECT_OBJC_ISA_USAGE = YES_ERROR;
				CLANG_WARN_DOCUMENTATION_COMMENTS = YES;
				CLANG_WARN_EMPTY_BODY = YES;
				CLANG_WARN_ENUM_CONVERSION = YES;
				CLANG_WARN_INFINITE_RECURSION = YES;
				CLANG_WARN_INT_CONVERSION = YES;
				CLANG_WARN_NON_LITERAL_NULL_CONVERSION = YES;
				CLANG_WARN_OBJC_IMPLICIT_RETAIN_SELF = YES;
				CLANG_WARN_OBJC_LITERAL_CONVERSION = YES;
				CLANG_WARN_OBJC_ROOT_CLASS = YES_ERROR;
				CLANG_WARN_QUOTED_INCLUDE_IN_FRAMEWORK_HEADER = YES;
				CLANG_WARN_RANGE_LOOP_ANALYSIS = YES;
				CLANG_WARN_STRICT_PROTOTYPES = YES;
				CLANG_WARN_SUSPICIOUS_MOVE = YES;
				CLANG_WARN_UNGUARDED_AVAILABILITY = YES_AGGRESSIVE;
				CLANG_WARN_UNREACHABLE_CODE = YES;
				CLANG_WARN__DUPLICATE_METHOD_MATCH = YES;
				COPY_PHASE_STRIP = NO;
				DEBUG_INFORMATION_FORMAT = dwarf;
				ENABLE_STRICT_OBJC_MSGSEND = YES;
				ENABLE_TESTABILITY = YES;
				ENABLE_USER_SCRIPT_SANDBOXING = YES;
				GCC_C_LANGUAGE_STANDARD = gnu17;
				GCC_DYNAMIC_NO_PIC = NO;
				GCC_NO_COMMON_BLOCKS = YES;
				GCC_OPTIMIZATION_LEVEL = 0;
				GCC_PREPROCESSOR_DEFINITIONS = (
					"DEBUG=1",
					"$(inherited)",
				);
				GCC_WARN_64_TO_32_BIT_CONVERSION = YES;
				GCC_WARN_ABOUT_RETURN_TYPE = YES_ERROR;
				GCC_WARN_UNDECLARED_SELECTOR = YES;
				GCC_WARN_UNINITIALIZED_AUTOS = YES_AGGRESSIVE;
				GCC_WARN_UNUSED_FUNCTION = YES;
				GCC_WARN_UNUSED_VARIABLE = YES;
				IPHONEOS_DEPLOYMENT_TARGET = 17.4;
				LOCALIZATION_PREFERS_STRING_CATALOGS = YES;
				MTL_ENABLE_DEBUG_INFO = INCLUDE_SOURCE;
				MTL_FAST_MATH = YES;
				ONLY_ACTIVE_ARCH = YES;
				SDKROOT = iphoneos;
				SWIFT_ACTIVE_COMPILATION_CONDITIONS = "DEBUG $(inherited)";
				SWIFT_OPTIMIZATION_LEVEL = "-Onone";
			};
			name = Debug;
		};
		EA2DE4DD2BC3DA30002A8DBC /* Release */ = {
			isa = XCBuildConfiguration;
			buildSettings = {
				ALWAYS_SEARCH_USER_PATHS = NO;
				ASSETCATALOG_COMPILER_GENERATE_SWIFT_ASSET_SYMBOL_EXTENSIONS = YES;
				CLANG_ANALYZER_NONNULL = YES;
				CLANG_ANALYZER_NUMBER_OBJECT_CONVERSION = YES_AGGRESSIVE;
				CLANG_CXX_LANGUAGE_STANDARD = "gnu++20";
				CLANG_ENABLE_MODULES = YES;
				CLANG_ENABLE_OBJC_ARC = YES;
				CLANG_ENABLE_OBJC_WEAK = YES;
				CLANG_WARN_BLOCK_CAPTURE_AUTORELEASING = YES;
				CLANG_WARN_BOOL_CONVERSION = YES;
				CLANG_WARN_COMMA = YES;
				CLANG_WARN_CONSTANT_CONVERSION = YES;
				CLANG_WARN_DEPRECATED_OBJC_IMPLEMENTATIONS = YES;
				CLANG_WARN_DIRECT_OBJC_ISA_USAGE = YES_ERROR;
				CLANG_WARN_DOCUMENTATION_COMMENTS = YES;
				CLANG_WARN_EMPTY_BODY = YES;
				CLANG_WARN_ENUM_CONVERSION = YES;
				CLANG_WARN_INFINITE_RECURSION = YES;
				CLANG_WARN_INT_CONVERSION = YES;
				CLANG_WARN_NON_LITERAL_NULL_CONVERSION = YES;
				CLANG_WARN_OBJC_IMPLICIT_RETAIN_SELF = YES;
				CLANG_WARN_OBJC_LITERAL_CONVERSION = YES;
				CLANG_WARN_OBJC_ROOT_CLASS = YES_ERROR;
				CLANG_WARN_QUOTED_INCLUDE_IN_FRAMEWORK_HEADER = YES;
				CLANG_WARN_RANGE_LOOP_ANALYSIS = YES;
				CLANG_WARN_STRICT_PROTOTYPES = YES;
				CLANG_WARN_SUSPICIOUS_MOVE = YES;
				CLANG_WARN_UNGUARDED_AVAILABILITY = YES_AGGRESSIVE;
				CLANG_WARN_UNREACHABLE_CODE = YES;
				CLANG_WARN__DUPLICATE_METHOD_MATCH = YES;
				COPY_PHASE_STRIP = NO;
				DEBUG_INFORMATION_FORMAT = "dwarf-with-dsym";
				ENABLE_NS_ASSERTIONS = NO;
				ENABLE_STRICT_OBJC_MSGSEND = YES;
				ENABLE_USER_SCRIPT_SANDBOXING = YES;
				GCC_C_LANGUAGE_STANDARD = gnu17;
				GCC_NO_COMMON_BLOCKS = YES;
				GCC_WARN_64_TO_32_BIT_CONVERSION = YES;
				GCC_WARN_ABOUT_RETURN_TYPE = YES_ERROR;
				GCC_WARN_UNDECLARED_SELECTOR = YES;
				GCC_WARN_UNINITIALIZED_AUTOS = YES_AGGRESSIVE;
				GCC_WARN_UNUSED_FUNCTION = YES;
				GCC_WARN_UNUSED_VARIABLE = YES;
				IPHONEOS_DEPLOYMENT_TARGET = 17.4;
				LOCALIZATION_PREFERS_STRING_CATALOGS = YES;
				MTL_ENABLE_DEBUG_INFO = NO;
				MTL_FAST_MATH = YES;
				SDKROOT = iphoneos;
				SWIFT_COMPILATION_MODE = wholemodule;
				VALIDATE_PRODUCT = YES;
			};
			name = Release;
		};
		EA2DE4DF2BC3DA30002A8DBC /* Debug */ = {
			isa = XCBuildConfiguration;
			buildSettings = {
				ASSETCATALOG_COMPILER_APPICON_NAME = AppIcon;
				ASSETCATALOG_COMPILER_GLOBAL_ACCENT_COLOR_NAME = AccentColor;
				CODE_SIGN_STYLE = Automatic;
				CURRENT_PROJECT_VERSION = 1;
				DEVELOPMENT_TEAM = 3QBZ3X93DR;
				ENABLE_USER_SCRIPT_SANDBOXING = NO;
				GENERATE_INFOPLIST_FILE = YES;
				INFOPLIST_FILE = "NASA Client/Info.plist";
				INFOPLIST_KEY_UIApplicationSupportsIndirectInputEvents = YES;
				INFOPLIST_KEY_UILaunchStoryboardName = LaunchScreen;
				INFOPLIST_KEY_UIStatusBarStyle = "";
				INFOPLIST_KEY_UISupportedInterfaceOrientations = UIInterfaceOrientationPortrait;
				IPHONEOS_DEPLOYMENT_TARGET = 17.0;
				LD_RUNPATH_SEARCH_PATHS = (
					"$(inherited)",
					"@executable_path/Frameworks",
				);
				MARKETING_VERSION = 1.0;
				PRODUCT_BUNDLE_IDENTIFIER = "com.valentyna.NASA-Client";
				PRODUCT_NAME = "$(TARGET_NAME)";
				SWIFT_EMIT_LOC_STRINGS = YES;
				SWIFT_VERSION = 5.0;
				TARGETED_DEVICE_FAMILY = "1,2";
			};
			name = Debug;
		};
		EA2DE4E02BC3DA30002A8DBC /* Release */ = {
			isa = XCBuildConfiguration;
			buildSettings = {
				ASSETCATALOG_COMPILER_APPICON_NAME = AppIcon;
				ASSETCATALOG_COMPILER_GLOBAL_ACCENT_COLOR_NAME = AccentColor;
				CODE_SIGN_STYLE = Automatic;
				CURRENT_PROJECT_VERSION = 1;
				DEVELOPMENT_TEAM = 3QBZ3X93DR;
				ENABLE_USER_SCRIPT_SANDBOXING = NO;
				GENERATE_INFOPLIST_FILE = YES;
				INFOPLIST_FILE = "NASA Client/Info.plist";
				INFOPLIST_KEY_UIApplicationSupportsIndirectInputEvents = YES;
				INFOPLIST_KEY_UILaunchStoryboardName = LaunchScreen;
				INFOPLIST_KEY_UIStatusBarStyle = "";
				INFOPLIST_KEY_UISupportedInterfaceOrientations = UIInterfaceOrientationPortrait;
				IPHONEOS_DEPLOYMENT_TARGET = 17.0;
				LD_RUNPATH_SEARCH_PATHS = (
					"$(inherited)",
					"@executable_path/Frameworks",
				);
				MARKETING_VERSION = 1.0;
				PRODUCT_BUNDLE_IDENTIFIER = "com.valentyna.NASA-Client";
				PRODUCT_NAME = "$(TARGET_NAME)";
				SWIFT_EMIT_LOC_STRINGS = YES;
				SWIFT_VERSION = 5.0;
				TARGETED_DEVICE_FAMILY = "1,2";
			};
			name = Release;
		};
/* End XCBuildConfiguration section */

/* Begin XCConfigurationList section */
		EA2DE4C52BC3DA2C002A8DBC /* Build configuration list for PBXProject "NASA Client" */ = {
			isa = XCConfigurationList;
			buildConfigurations = (
				EA2DE4DC2BC3DA30002A8DBC /* Debug */,
				EA2DE4DD2BC3DA30002A8DBC /* Release */,
			);
			defaultConfigurationIsVisible = 0;
			defaultConfigurationName = Release;
		};
		EA2DE4DE2BC3DA30002A8DBC /* Build configuration list for PBXNativeTarget "NASA Client" */ = {
			isa = XCConfigurationList;
			buildConfigurations = (
				EA2DE4DF2BC3DA30002A8DBC /* Debug */,
				EA2DE4E02BC3DA30002A8DBC /* Release */,
			);
			defaultConfigurationIsVisible = 0;
			defaultConfigurationName = Release;
		};
/* End XCConfigurationList section */

/* Begin XCRemoteSwiftPackageReference section */
		EA1595842BC5C41F00ACB6A8 /* XCRemoteSwiftPackageReference "Kingfisher" */ = {
			isa = XCRemoteSwiftPackageReference;
			repositoryURL = "https://github.com/onevcat/Kingfisher.git";
			requirement = {
				kind = upToNextMajorVersion;
				minimumVersion = 7.11.0;
			};
		};
		EADD1B082BC68D3D00BE6019 /* XCRemoteSwiftPackageReference "realm-swift" */ = {
			isa = XCRemoteSwiftPackageReference;
			repositoryURL = "https://github.com/realm/realm-swift.git";
			requirement = {
				branch = master;
				kind = branch;
			};
		};
		EAE930AC2BC3EFCA006A2ABC /* XCRemoteSwiftPackageReference "lottie-ios" */ = {
			isa = XCRemoteSwiftPackageReference;
			repositoryURL = "https://github.com/airbnb/lottie-ios.git";
			requirement = {
				kind = upToNextMajorVersion;
				minimumVersion = 4.4.2;
			};
		};
/* End XCRemoteSwiftPackageReference section */

/* Begin XCSwiftPackageProductDependency section */
		EA1595852BC5C41F00ACB6A8 /* Kingfisher */ = {
			isa = XCSwiftPackageProductDependency;
			package = EA1595842BC5C41F00ACB6A8 /* XCRemoteSwiftPackageReference "Kingfisher" */;
			productName = Kingfisher;
		};
		EADD1B092BC68D3D00BE6019 /* Realm */ = {
			isa = XCSwiftPackageProductDependency;
			package = EADD1B082BC68D3D00BE6019 /* XCRemoteSwiftPackageReference "realm-swift" */;
			productName = Realm;
		};
		EADD1B0B2BC68D3D00BE6019 /* RealmSwift */ = {
			isa = XCSwiftPackageProductDependency;
			package = EADD1B082BC68D3D00BE6019 /* XCRemoteSwiftPackageReference "realm-swift" */;
			productName = RealmSwift;
		};
		EAE930AD2BC3EFCA006A2ABC /* Lottie */ = {
			isa = XCSwiftPackageProductDependency;
			package = EAE930AC2BC3EFCA006A2ABC /* XCRemoteSwiftPackageReference "lottie-ios" */;
			productName = Lottie;
		};
/* End XCSwiftPackageProductDependency section */
	};
	rootObject = EA2DE4C22BC3DA2C002A8DBC /* Project object */;
}
